// !$*UTF8*$!
{
	archiveVersion = 1;
	classes = {
	};
	objectVersion = 56;
	objects = {

/* Begin PBXBuildFile section */
		3559C4442A799CC600582A5F /* MainScreenCarsViewImp.swift in Sources */ = {isa = PBXBuildFile; fileRef = 3559C4432A799CC600582A5F /* MainScreenCarsViewImp.swift */; };
		3559C4482A799E0C00582A5F /* Appearance.swift in Sources */ = {isa = PBXBuildFile; fileRef = 3559C4472A799E0C00582A5F /* Appearance.swift */; };
		3559C44B2A799F0100582A5F /* Int+.swift in Sources */ = {isa = PBXBuildFile; fileRef = 3559C44A2A799F0100582A5F /* Int+.swift */; };
		3559C44D2A79A0E800582A5F /* MainScreenCarsViewController.swift in Sources */ = {isa = PBXBuildFile; fileRef = 3559C44C2A79A0E800582A5F /* MainScreenCarsViewController.swift */; };
		3559C4502A79A1F000582A5F /* MainScreenCarsPresenter.swift in Sources */ = {isa = PBXBuildFile; fileRef = 3559C44F2A79A1F000582A5F /* MainScreenCarsPresenter.swift */; };
		3559C4522A79A26800582A5F /* MainScreenCarsPresenterImp.swift in Sources */ = {isa = PBXBuildFile; fileRef = 3559C4512A79A26800582A5F /* MainScreenCarsPresenterImp.swift */; };
		3559C4542A79A59500582A5F /* MainScreenCarsView.swift in Sources */ = {isa = PBXBuildFile; fileRef = 3559C4532A79A59500582A5F /* MainScreenCarsView.swift */; };
		3559C4572A79AD2700582A5F /* MainScreenCarsDataSourceAdapter.swift in Sources */ = {isa = PBXBuildFile; fileRef = 3559C4562A79AD2700582A5F /* MainScreenCarsDataSourceAdapter.swift */; };
		3559C45A2A79AE5900582A5F /* MainScreenCarsCell.swift in Sources */ = {isa = PBXBuildFile; fileRef = 3559C4592A79AE5900582A5F /* MainScreenCarsCell.swift */; };
		3559C45D2A79AEAA00582A5F /* BaseCollectionCell.swift in Sources */ = {isa = PBXBuildFile; fileRef = 3559C45C2A79AEAA00582A5F /* BaseCollectionCell.swift */; };
		3559C45F2A79B40D00582A5F /* UICollectionReusableView+.swift in Sources */ = {isa = PBXBuildFile; fileRef = 3559C45E2A79B40D00582A5F /* UICollectionReusableView+.swift */; };
		3559C4612A79B87100582A5F /* MainScreenCarsDelegateAdapter.swift in Sources */ = {isa = PBXBuildFile; fileRef = 3559C4602A79B87100582A5F /* MainScreenCarsDelegateAdapter.swift */; };
		35918A7D2A797DF100310D71 /* AppDelegate.swift in Sources */ = {isa = PBXBuildFile; fileRef = 35918A7C2A797DF100310D71 /* AppDelegate.swift */; };
		35918A7F2A797DF100310D71 /* SceneDelegate.swift in Sources */ = {isa = PBXBuildFile; fileRef = 35918A7E2A797DF100310D71 /* SceneDelegate.swift */; };
		35918A812A797DF100310D71 /* ViewController.swift in Sources */ = {isa = PBXBuildFile; fileRef = 35918A802A797DF100310D71 /* ViewController.swift */; };
		35918A842A797DF100310D71 /* Main.storyboard in Resources */ = {isa = PBXBuildFile; fileRef = 35918A822A797DF100310D71 /* Main.storyboard */; };
		35918A862A797DF200310D71 /* Assets.xcassets in Resources */ = {isa = PBXBuildFile; fileRef = 35918A852A797DF200310D71 /* Assets.xcassets */; };
		35918A892A797DF200310D71 /* LaunchScreen.storyboard in Resources */ = {isa = PBXBuildFile; fileRef = 35918A872A797DF200310D71 /* LaunchScreen.storyboard */; };
		94FB71139A69D36C5068C023 /* Pods_SellCar.framework in Frameworks */ = {isa = PBXBuildFile; fileRef = 14BBB603F0A7BB7AEA8C7A53 /* Pods_SellCar.framework */; };
/* End PBXBuildFile section */

/* Begin PBXFileReference section */
		14BBB603F0A7BB7AEA8C7A53 /* Pods_SellCar.framework */ = {isa = PBXFileReference; explicitFileType = wrapper.framework; includeInIndex = 0; path = Pods_SellCar.framework; sourceTree = BUILT_PRODUCTS_DIR; };
		3559C4432A799CC600582A5F /* MainScreenCarsViewImp.swift */ = {isa = PBXFileReference; lastKnownFileType = sourcecode.swift; path = MainScreenCarsViewImp.swift; sourceTree = "<group>"; };
		3559C4472A799E0C00582A5F /* Appearance.swift */ = {isa = PBXFileReference; lastKnownFileType = sourcecode.swift; path = Appearance.swift; sourceTree = "<group>"; };
		3559C44A2A799F0100582A5F /* Int+.swift */ = {isa = PBXFileReference; lastKnownFileType = sourcecode.swift; path = "Int+.swift"; sourceTree = "<group>"; };
		3559C44C2A79A0E800582A5F /* MainScreenCarsViewController.swift */ = {isa = PBXFileReference; lastKnownFileType = sourcecode.swift; path = MainScreenCarsViewController.swift; sourceTree = "<group>"; };
		3559C44F2A79A1F000582A5F /* MainScreenCarsPresenter.swift */ = {isa = PBXFileReference; lastKnownFileType = sourcecode.swift; path = MainScreenCarsPresenter.swift; sourceTree = "<group>"; };
		3559C4512A79A26800582A5F /* MainScreenCarsPresenterImp.swift */ = {isa = PBXFileReference; lastKnownFileType = sourcecode.swift; path = MainScreenCarsPresenterImp.swift; sourceTree = "<group>"; };
		3559C4532A79A59500582A5F /* MainScreenCarsView.swift */ = {isa = PBXFileReference; lastKnownFileType = sourcecode.swift; path = MainScreenCarsView.swift; sourceTree = "<group>"; };
		3559C4562A79AD2700582A5F /* MainScreenCarsDataSourceAdapter.swift */ = {isa = PBXFileReference; lastKnownFileType = sourcecode.swift; path = MainScreenCarsDataSourceAdapter.swift; sourceTree = "<group>"; };
		3559C4592A79AE5900582A5F /* MainScreenCarsCell.swift */ = {isa = PBXFileReference; lastKnownFileType = sourcecode.swift; path = MainScreenCarsCell.swift; sourceTree = "<group>"; };
		3559C45C2A79AEAA00582A5F /* BaseCollectionCell.swift */ = {isa = PBXFileReference; lastKnownFileType = sourcecode.swift; path = BaseCollectionCell.swift; sourceTree = "<group>"; };
		3559C45E2A79B40D00582A5F /* UICollectionReusableView+.swift */ = {isa = PBXFileReference; lastKnownFileType = sourcecode.swift; path = "UICollectionReusableView+.swift"; sourceTree = "<group>"; };
		3559C4602A79B87100582A5F /* MainScreenCarsDelegateAdapter.swift */ = {isa = PBXFileReference; lastKnownFileType = sourcecode.swift; path = MainScreenCarsDelegateAdapter.swift; sourceTree = "<group>"; };
		35918A792A797DF100310D71 /* SellCar.app */ = {isa = PBXFileReference; explicitFileType = wrapper.application; includeInIndex = 0; path = SellCar.app; sourceTree = BUILT_PRODUCTS_DIR; };
		35918A7C2A797DF100310D71 /* AppDelegate.swift */ = {isa = PBXFileReference; lastKnownFileType = sourcecode.swift; path = AppDelegate.swift; sourceTree = "<group>"; };
		35918A7E2A797DF100310D71 /* SceneDelegate.swift */ = {isa = PBXFileReference; lastKnownFileType = sourcecode.swift; path = SceneDelegate.swift; sourceTree = "<group>"; };
		35918A802A797DF100310D71 /* ViewController.swift */ = {isa = PBXFileReference; lastKnownFileType = sourcecode.swift; path = ViewController.swift; sourceTree = "<group>"; };
		35918A832A797DF100310D71 /* Base */ = {isa = PBXFileReference; lastKnownFileType = file.storyboard; name = Base; path = Base.lproj/Main.storyboard; sourceTree = "<group>"; };
		35918A852A797DF200310D71 /* Assets.xcassets */ = {isa = PBXFileReference; lastKnownFileType = folder.assetcatalog; path = Assets.xcassets; sourceTree = "<group>"; };
		35918A882A797DF200310D71 /* Base */ = {isa = PBXFileReference; lastKnownFileType = file.storyboard; name = Base; path = Base.lproj/LaunchScreen.storyboard; sourceTree = "<group>"; };
		35918A8A2A797DF200310D71 /* Info.plist */ = {isa = PBXFileReference; lastKnownFileType = text.plist.xml; path = Info.plist; sourceTree = "<group>"; };
		C24424D46E78B18128DF8C9E /* Pods-SellCar.release.xcconfig */ = {isa = PBXFileReference; includeInIndex = 1; lastKnownFileType = text.xcconfig; name = "Pods-SellCar.release.xcconfig"; path = "Target Support Files/Pods-SellCar/Pods-SellCar.release.xcconfig"; sourceTree = "<group>"; };
		CCF956B2F582D75EB39C2A1B /* Pods-SellCar.debug.xcconfig */ = {isa = PBXFileReference; includeInIndex = 1; lastKnownFileType = text.xcconfig; name = "Pods-SellCar.debug.xcconfig"; path = "Target Support Files/Pods-SellCar/Pods-SellCar.debug.xcconfig"; sourceTree = "<group>"; };
/* End PBXFileReference section */

/* Begin PBXFrameworksBuildPhase section */
		35918A762A797DF100310D71 /* Frameworks */ = {
			isa = PBXFrameworksBuildPhase;
			buildActionMask = 2147483647;
			files = (
				94FB71139A69D36C5068C023 /* Pods_SellCar.framework in Frameworks */,
			);
			runOnlyForDeploymentPostprocessing = 0;
		};
/* End PBXFrameworksBuildPhase section */

/* Begin PBXGroup section */
		0CE808BCB3200D2D4E84BDC5 /* Frameworks */ = {
			isa = PBXGroup;
			children = (
				14BBB603F0A7BB7AEA8C7A53 /* Pods_SellCar.framework */,
			);
			name = Frameworks;
			sourceTree = "<group>";
		};
		2CAB2DCF139463D76E74D6C2 /* Pods */ = {
			isa = PBXGroup;
			children = (
				CCF956B2F582D75EB39C2A1B /* Pods-SellCar.debug.xcconfig */,
				C24424D46E78B18128DF8C9E /* Pods-SellCar.release.xcconfig */,
			);
			path = Pods;
			sourceTree = "<group>";
		};
		3559C4402A79973800582A5F /* MainScreenCars */ = {
			isa = PBXGroup;
			children = (
				3559C44E2A79A1CE00582A5F /* Presenter */,
				3559C4412A799B2E00582A5F /* View */,
			);
			path = MainScreenCars;
			sourceTree = "<group>";
		};
		3559C4412A799B2E00582A5F /* View */ = {
			isa = PBXGroup;
			children = (
				3559C4422A799C7A00582A5F /* Components */,
				3559C4432A799CC600582A5F /* MainScreenCarsViewImp.swift */,
				3559C4532A79A59500582A5F /* MainScreenCarsView.swift */,
				3559C44C2A79A0E800582A5F /* MainScreenCarsViewController.swift */,
			);
			path = View;
			sourceTree = "<group>";
		};
		3559C4422A799C7A00582A5F /* Components */ = {
			isa = PBXGroup;
			children = (
				3559C4582A79AE3F00582A5F /* Cells */,
				3559C4552A79ACF400582A5F /* Adapters */,
			);
			path = Components;
			sourceTree = "<group>";
		};
		3559C4452A799DDC00582A5F /* Core */ = {
			isa = PBXGroup;
			children = (
				3559C45B2A79AE9A00582A5F /* Helpers */,
				3559C4492A799EE200582A5F /* Extension */,
				3559C4462A799DEF00582A5F /* Common */,
			);
			path = Core;
			sourceTree = "<group>";
		};
		3559C4462A799DEF00582A5F /* Common */ = {
			isa = PBXGroup;
			children = (
				3559C4472A799E0C00582A5F /* Appearance.swift */,
			);
			path = Common;
			sourceTree = "<group>";
		};
		3559C4492A799EE200582A5F /* Extension */ = {
			isa = PBXGroup;
			children = (
				3559C44A2A799F0100582A5F /* Int+.swift */,
				3559C45E2A79B40D00582A5F /* UICollectionReusableView+.swift */,
			);
			path = Extension;
			sourceTree = "<group>";
		};
		3559C44E2A79A1CE00582A5F /* Presenter */ = {
			isa = PBXGroup;
			children = (
				3559C44F2A79A1F000582A5F /* MainScreenCarsPresenter.swift */,
				3559C4512A79A26800582A5F /* MainScreenCarsPresenterImp.swift */,
			);
			path = Presenter;
			sourceTree = "<group>";
		};
		3559C4552A79ACF400582A5F /* Adapters */ = {
			isa = PBXGroup;
			children = (
				3559C4562A79AD2700582A5F /* MainScreenCarsDataSourceAdapter.swift */,
				3559C4602A79B87100582A5F /* MainScreenCarsDelegateAdapter.swift */,
			);
			path = Adapters;
			sourceTree = "<group>";
		};
		3559C4582A79AE3F00582A5F /* Cells */ = {
			isa = PBXGroup;
			children = (
				3559C4592A79AE5900582A5F /* MainScreenCarsCell.swift */,
			);
			path = Cells;
			sourceTree = "<group>";
		};
		3559C45B2A79AE9A00582A5F /* Helpers */ = {
			isa = PBXGroup;
			children = (
				3559C45C2A79AEAA00582A5F /* BaseCollectionCell.swift */,
			);
			path = Helpers;
			sourceTree = "<group>";
		};
		35918A702A797DF100310D71 = {
			isa = PBXGroup;
			children = (
				35918A7B2A797DF100310D71 /* SellCar */,
				35918A7A2A797DF100310D71 /* Products */,
				2CAB2DCF139463D76E74D6C2 /* Pods */,
				0CE808BCB3200D2D4E84BDC5 /* Frameworks */,
			);
			sourceTree = "<group>";
		};
		35918A7A2A797DF100310D71 /* Products */ = {
			isa = PBXGroup;
			children = (
				35918A792A797DF100310D71 /* SellCar.app */,
			);
			name = Products;
			sourceTree = "<group>";
		};
		35918A7B2A797DF100310D71 /* SellCar */ = {
			isa = PBXGroup;
			children = (
				3559C4452A799DDC00582A5F /* Core */,
				3559C4402A79973800582A5F /* MainScreenCars */,
				35918A7C2A797DF100310D71 /* AppDelegate.swift */,
				35918A7E2A797DF100310D71 /* SceneDelegate.swift */,
				35918A802A797DF100310D71 /* ViewController.swift */,
				35918A822A797DF100310D71 /* Main.storyboard */,
				35918A852A797DF200310D71 /* Assets.xcassets */,
				35918A872A797DF200310D71 /* LaunchScreen.storyboard */,
				35918A8A2A797DF200310D71 /* Info.plist */,
			);
			path = SellCar;
			sourceTree = "<group>";
		};
/* End PBXGroup section */

/* Begin PBXNativeTarget section */
		35918A782A797DF100310D71 /* SellCar */ = {
			isa = PBXNativeTarget;
			buildConfigurationList = 35918A8D2A797DF200310D71 /* Build configuration list for PBXNativeTarget "SellCar" */;
			buildPhases = (
				102D0B22D32479FBC5EC9092 /* [CP] Check Pods Manifest.lock */,
				35918A752A797DF100310D71 /* Sources */,
				35918A762A797DF100310D71 /* Frameworks */,
				35918A772A797DF100310D71 /* Resources */,
				D28128FB94CAAE511F964EF4 /* [CP] Embed Pods Frameworks */,
			);
			buildRules = (
			);
			dependencies = (
			);
			name = SellCar;
			productName = SellCar;
			productReference = 35918A792A797DF100310D71 /* SellCar.app */;
			productType = "com.apple.product-type.application";
		};
/* End PBXNativeTarget section */

/* Begin PBXProject section */
		35918A712A797DF100310D71 /* Project object */ = {
			isa = PBXProject;
			attributes = {
				BuildIndependentTargetsInParallel = 1;
				LastSwiftUpdateCheck = 1430;
				LastUpgradeCheck = 1430;
				TargetAttributes = {
					35918A782A797DF100310D71 = {
						CreatedOnToolsVersion = 14.3;
					};
				};
			};
			buildConfigurationList = 35918A742A797DF100310D71 /* Build configuration list for PBXProject "SellCar" */;
			compatibilityVersion = "Xcode 14.0";
			developmentRegion = en;
			hasScannedForEncodings = 0;
			knownRegions = (
				en,
				Base,
			);
			mainGroup = 35918A702A797DF100310D71;
			productRefGroup = 35918A7A2A797DF100310D71 /* Products */;
			projectDirPath = "";
			projectRoot = "";
			targets = (
				35918A782A797DF100310D71 /* SellCar */,
			);
		};
/* End PBXProject section */

/* Begin PBXResourcesBuildPhase section */
		35918A772A797DF100310D71 /* Resources */ = {
			isa = PBXResourcesBuildPhase;
			buildActionMask = 2147483647;
			files = (
				35918A892A797DF200310D71 /* LaunchScreen.storyboard in Resources */,
				35918A862A797DF200310D71 /* Assets.xcassets in Resources */,
				35918A842A797DF100310D71 /* Main.storyboard in Resources */,
			);
			runOnlyForDeploymentPostprocessing = 0;
		};
/* End PBXResourcesBuildPhase section */

/* Begin PBXShellScriptBuildPhase section */
		102D0B22D32479FBC5EC9092 /* [CP] Check Pods Manifest.lock */ = {
			isa = PBXShellScriptBuildPhase;
			buildActionMask = 2147483647;
			files = (
			);
			inputFileListPaths = (
			);
			inputPaths = (
				"${PODS_PODFILE_DIR_PATH}/Podfile.lock",
				"${PODS_ROOT}/Manifest.lock",
			);
			name = "[CP] Check Pods Manifest.lock";
			outputFileListPaths = (
			);
			outputPaths = (
				"$(DERIVED_FILE_DIR)/Pods-SellCar-checkManifestLockResult.txt",
			);
			runOnlyForDeploymentPostprocessing = 0;
			shellPath = /bin/sh;
			shellScript = "diff \"${PODS_PODFILE_DIR_PATH}/Podfile.lock\" \"${PODS_ROOT}/Manifest.lock\" > /dev/null\nif [ $? != 0 ] ; then\n    # print error to STDERR\n    echo \"error: The sandbox is not in sync with the Podfile.lock. Run 'pod install' or update your CocoaPods installation.\" >&2\n    exit 1\nfi\n# This output is used by Xcode 'outputs' to avoid re-running this script phase.\necho \"SUCCESS\" > \"${SCRIPT_OUTPUT_FILE_0}\"\n";
			showEnvVarsInLog = 0;
		};
		D28128FB94CAAE511F964EF4 /* [CP] Embed Pods Frameworks */ = {
			isa = PBXShellScriptBuildPhase;
			buildActionMask = 2147483647;
			files = (
			);
			inputFileListPaths = (
				"${PODS_ROOT}/Target Support Files/Pods-SellCar/Pods-SellCar-frameworks-${CONFIGURATION}-input-files.xcfilelist",
			);
			name = "[CP] Embed Pods Frameworks";
			outputFileListPaths = (
				"${PODS_ROOT}/Target Support Files/Pods-SellCar/Pods-SellCar-frameworks-${CONFIGURATION}-output-files.xcfilelist",
			);
			runOnlyForDeploymentPostprocessing = 0;
			shellPath = /bin/sh;
			shellScript = "\"${PODS_ROOT}/Target Support Files/Pods-SellCar/Pods-SellCar-frameworks.sh\"\n";
			showEnvVarsInLog = 0;
		};
/* End PBXShellScriptBuildPhase section */

/* Begin PBXSourcesBuildPhase section */
		35918A752A797DF100310D71 /* Sources */ = {
			isa = PBXSourcesBuildPhase;
			buildActionMask = 2147483647;
			files = (
				3559C4612A79B87100582A5F /* MainScreenCarsDelegateAdapter.swift in Sources */,
				3559C4482A799E0C00582A5F /* Appearance.swift in Sources */,
				3559C4442A799CC600582A5F /* MainScreenCarsViewImp.swift in Sources */,
				35918A812A797DF100310D71 /* ViewController.swift in Sources */,
				3559C44D2A79A0E800582A5F /* MainScreenCarsViewController.swift in Sources */,
				3559C4542A79A59500582A5F /* MainScreenCarsView.swift in Sources */,
				3559C45F2A79B40D00582A5F /* UICollectionReusableView+.swift in Sources */,
				35918A7D2A797DF100310D71 /* AppDelegate.swift in Sources */,
				35918A7F2A797DF100310D71 /* SceneDelegate.swift in Sources */,
				3559C4572A79AD2700582A5F /* MainScreenCarsDataSourceAdapter.swift in Sources */,
				3559C4502A79A1F000582A5F /* MainScreenCarsPresenter.swift in Sources */,
				3559C45A2A79AE5900582A5F /* MainScreenCarsCell.swift in Sources */,
				3559C45D2A79AEAA00582A5F /* BaseCollectionCell.swift in Sources */,
				3559C44B2A799F0100582A5F /* Int+.swift in Sources */,
				3559C4522A79A26800582A5F /* MainScreenCarsPresenterImp.swift in Sources */,
			);
			runOnlyForDeploymentPostprocessing = 0;
		};
/* End PBXSourcesBuildPhase section */

/* Begin PBXVariantGroup section */
		35918A822A797DF100310D71 /* Main.storyboard */ = {
			isa = PBXVariantGroup;
			children = (
				35918A832A797DF100310D71 /* Base */,
			);
			name = Main.storyboard;
			sourceTree = "<group>";
		};
		35918A872A797DF200310D71 /* LaunchScreen.storyboard */ = {
			isa = PBXVariantGroup;
			children = (
				35918A882A797DF200310D71 /* Base */,
			);
			name = LaunchScreen.storyboard;
			sourceTree = "<group>";
		};
/* End PBXVariantGroup section */

/* Begin XCBuildConfiguration section */
		35918A8B2A797DF200310D71 /* Debug */ = {
			isa = XCBuildConfiguration;
			buildSettings = {
				ALWAYS_SEARCH_USER_PATHS = NO;
				CLANG_ANALYZER_NONNULL = YES;
				CLANG_ANALYZER_NUMBER_OBJECT_CONVERSION = YES_AGGRESSIVE;
				CLANG_CXX_LANGUAGE_STANDARD = "gnu++20";
				CLANG_ENABLE_MODULES = YES;
				CLANG_ENABLE_OBJC_ARC = YES;
				CLANG_ENABLE_OBJC_WEAK = YES;
				CLANG_WARN_BLOCK_CAPTURE_AUTORELEASING = YES;
				CLANG_WARN_BOOL_CONVERSION = YES;
				CLANG_WARN_COMMA = YES;
				CLANG_WARN_CONSTANT_CONVERSION = YES;
				CLANG_WARN_DEPRECATED_OBJC_IMPLEMENTATIONS = YES;
				CLANG_WARN_DIRECT_OBJC_ISA_USAGE = YES_ERROR;
				CLANG_WARN_DOCUMENTATION_COMMENTS = YES;
				CLANG_WARN_EMPTY_BODY = YES;
				CLANG_WARN_ENUM_CONVERSION = YES;
				CLANG_WARN_INFINITE_RECURSION = YES;
				CLANG_WARN_INT_CONVERSION = YES;
				CLANG_WARN_NON_LITERAL_NULL_CONVERSION = YES;
				CLANG_WARN_OBJC_IMPLICIT_RETAIN_SELF = YES;
				CLANG_WARN_OBJC_LITERAL_CONVERSION = YES;
				CLANG_WARN_OBJC_ROOT_CLASS = YES_ERROR;
				CLANG_WARN_QUOTED_INCLUDE_IN_FRAMEWORK_HEADER = YES;
				CLANG_WARN_RANGE_LOOP_ANALYSIS = YES;
				CLANG_WARN_STRICT_PROTOTYPES = YES;
				CLANG_WARN_SUSPICIOUS_MOVE = YES;
				CLANG_WARN_UNGUARDED_AVAILABILITY = YES_AGGRESSIVE;
				CLANG_WARN_UNREACHABLE_CODE = YES;
				CLANG_WARN__DUPLICATE_METHOD_MATCH = YES;
				COPY_PHASE_STRIP = NO;
				DEBUG_INFORMATION_FORMAT = dwarf;
				ENABLE_STRICT_OBJC_MSGSEND = YES;
				ENABLE_TESTABILITY = YES;
				GCC_C_LANGUAGE_STANDARD = gnu11;
				GCC_DYNAMIC_NO_PIC = NO;
				GCC_NO_COMMON_BLOCKS = YES;
				GCC_OPTIMIZATION_LEVEL = 0;
				GCC_PREPROCESSOR_DEFINITIONS = (
					"DEBUG=1",
					"$(inherited)",
				);
				GCC_WARN_64_TO_32_BIT_CONVERSION = YES;
				GCC_WARN_ABOUT_RETURN_TYPE = YES_ERROR;
				GCC_WARN_UNDECLARED_SELECTOR = YES;
				GCC_WARN_UNINITIALIZED_AUTOS = YES_AGGRESSIVE;
				GCC_WARN_UNUSED_FUNCTION = YES;
				GCC_WARN_UNUSED_VARIABLE = YES;
				IPHONEOS_DEPLOYMENT_TARGET = 16.4;
				MTL_ENABLE_DEBUG_INFO = INCLUDE_SOURCE;
				MTL_FAST_MATH = YES;
				ONLY_ACTIVE_ARCH = YES;
				SDKROOT = iphoneos;
				SWIFT_ACTIVE_COMPILATION_CONDITIONS = DEBUG;
				SWIFT_OPTIMIZATION_LEVEL = "-Onone";
			};
			name = Debug;
		};
		35918A8C2A797DF200310D71 /* Release */ = {
			isa = XCBuildConfiguration;
			buildSettings = {
				ALWAYS_SEARCH_USER_PATHS = NO;
				CLANG_ANALYZER_NONNULL = YES;
				CLANG_ANALYZER_NUMBER_OBJECT_CONVERSION = YES_AGGRESSIVE;
				CLANG_CXX_LANGUAGE_STANDARD = "gnu++20";
				CLANG_ENABLE_MODULES = YES;
				CLANG_ENABLE_OBJC_ARC = YES;
				CLANG_ENABLE_OBJC_WEAK = YES;
				CLANG_WARN_BLOCK_CAPTURE_AUTORELEASING = YES;
				CLANG_WARN_BOOL_CONVERSION = YES;
				CLANG_WARN_COMMA = YES;
				CLANG_WARN_CONSTANT_CONVERSION = YES;
				CLANG_WARN_DEPRECATED_OBJC_IMPLEMENTATIONS = YES;
				CLANG_WARN_DIRECT_OBJC_ISA_USAGE = YES_ERROR;
				CLANG_WARN_DOCUMENTATION_COMMENTS = YES;
				CLANG_WARN_EMPTY_BODY = YES;
				CLANG_WARN_ENUM_CONVERSION = YES;
				CLANG_WARN_INFINITE_RECURSION = YES;
				CLANG_WARN_INT_CONVERSION = YES;
				CLANG_WARN_NON_LITERAL_NULL_CONVERSION = YES;
				CLANG_WARN_OBJC_IMPLICIT_RETAIN_SELF = YES;
				CLANG_WARN_OBJC_LITERAL_CONVERSION = YES;
				CLANG_WARN_OBJC_ROOT_CLASS = YES_ERROR;
				CLANG_WARN_QUOTED_INCLUDE_IN_FRAMEWORK_HEADER = YES;
				CLANG_WARN_RANGE_LOOP_ANALYSIS = YES;
				CLANG_WARN_STRICT_PROTOTYPES = YES;
				CLANG_WARN_SUSPICIOUS_MOVE = YES;
				CLANG_WARN_UNGUARDED_AVAILABILITY = YES_AGGRESSIVE;
				CLANG_WARN_UNREACHABLE_CODE = YES;
				CLANG_WARN__DUPLICATE_METHOD_MATCH = YES;
				COPY_PHASE_STRIP = NO;
				DEBUG_INFORMATION_FORMAT = "dwarf-with-dsym";
				ENABLE_NS_ASSERTIONS = NO;
				ENABLE_STRICT_OBJC_MSGSEND = YES;
				GCC_C_LANGUAGE_STANDARD = gnu11;
				GCC_NO_COMMON_BLOCKS = YES;
				GCC_WARN_64_TO_32_BIT_CONVERSION = YES;
				GCC_WARN_ABOUT_RETURN_TYPE = YES_ERROR;
				GCC_WARN_UNDECLARED_SELECTOR = YES;
				GCC_WARN_UNINITIALIZED_AUTOS = YES_AGGRESSIVE;
				GCC_WARN_UNUSED_FUNCTION = YES;
				GCC_WARN_UNUSED_VARIABLE = YES;
				IPHONEOS_DEPLOYMENT_TARGET = 16.4;
				MTL_ENABLE_DEBUG_INFO = NO;
				MTL_FAST_MATH = YES;
				SDKROOT = iphoneos;
				SWIFT_COMPILATION_MODE = wholemodule;
				SWIFT_OPTIMIZATION_LEVEL = "-O";
				VALIDATE_PRODUCT = YES;
			};
			name = Release;
		};
		35918A8E2A797DF200310D71 /* Debug */ = {
			isa = XCBuildConfiguration;
			baseConfigurationReference = CCF956B2F582D75EB39C2A1B /* Pods-SellCar.debug.xcconfig */;
			buildSettings = {
				ASSETCATALOG_COMPILER_APPICON_NAME = AppIcon;
				ASSETCATALOG_COMPILER_GLOBAL_ACCENT_COLOR_NAME = AccentColor;
				CODE_SIGN_STYLE = Automatic;
				CURRENT_PROJECT_VERSION = 1;
				DEVELOPMENT_TEAM = 48N7PW37YY;
				GENERATE_INFOPLIST_FILE = YES;
				INFOPLIST_FILE = SellCar/Info.plist;
				INFOPLIST_KEY_UIApplicationSupportsIndirectInputEvents = YES;
				INFOPLIST_KEY_UILaunchStoryboardName = LaunchScreen;
				INFOPLIST_KEY_UIMainStoryboardFile = Main;
				INFOPLIST_KEY_UISupportedInterfaceOrientations_iPad = "UIInterfaceOrientationPortrait UIInterfaceOrientationPortraitUpsideDown UIInterfaceOrientationLandscapeLeft UIInterfaceOrientationLandscapeRight";
				INFOPLIST_KEY_UISupportedInterfaceOrientations_iPhone = "UIInterfaceOrientationPortrait UIInterfaceOrientationLandscapeLeft UIInterfaceOrientationLandscapeRight";
				LD_RUNPATH_SEARCH_PATHS = (
					"$(inherited)",
					"@executable_path/Frameworks",
				);
				MARKETING_VERSION = 1.0;
				PRODUCT_BUNDLE_IDENTIFIER = Test.SellCar;
				PRODUCT_NAME = "$(TARGET_NAME)";
				SWIFT_EMIT_LOC_STRINGS = YES;
				SWIFT_VERSION = 5.0;
				TARGETED_DEVICE_FAMILY = "1,2";
			};
			name = Debug;
		};
		35918A8F2A797DF200310D71 /* Release */ = {
			isa = XCBuildConfiguration;
			baseConfigurationReference = C24424D46E78B18128DF8C9E /* Pods-SellCar.release.xcconfig */;
			buildSettings = {
				ASSETCATALOG_COMPILER_APPICON_NAME = AppIcon;
				ASSETCATALOG_COMPILER_GLOBAL_ACCENT_COLOR_NAME = AccentColor;
				CODE_SIGN_STYLE = Automatic;
				CURRENT_PROJECT_VERSION = 1;
				DEVELOPMENT_TEAM = 48N7PW37YY;
				GENERATE_INFOPLIST_FILE = YES;
				INFOPLIST_FILE = SellCar/Info.plist;
				INFOPLIST_KEY_UIApplicationSupportsIndirectInputEvents = YES;
				INFOPLIST_KEY_UILaunchStoryboardName = LaunchScreen;
				INFOPLIST_KEY_UIMainStoryboardFile = Main;
				INFOPLIST_KEY_UISupportedInterfaceOrientations_iPad = "UIInterfaceOrientationPortrait UIInterfaceOrientationPortraitUpsideDown UIInterfaceOrientationLandscapeLeft UIInterfaceOrientationLandscapeRight";
				INFOPLIST_KEY_UISupportedInterfaceOrientations_iPhone = "UIInterfaceOrientationPortrait UIInterfaceOrientationLandscapeLeft UIInterfaceOrientationLandscapeRight";
				LD_RUNPATH_SEARCH_PATHS = (
					"$(inherited)",
					"@executable_path/Frameworks",
				);
				MARKETING_VERSION = 1.0;
				PRODUCT_BUNDLE_IDENTIFIER = Test.SellCar;
				PRODUCT_NAME = "$(TARGET_NAME)";
				SWIFT_EMIT_LOC_STRINGS = YES;
				SWIFT_VERSION = 5.0;
				TARGETED_DEVICE_FAMILY = "1,2";
			};
			name = Release;
		};
/* End XCBuildConfiguration section */

/* Begin XCConfigurationList section */
		35918A742A797DF100310D71 /* Build configuration list for PBXProject "SellCar" */ = {
			isa = XCConfigurationList;
			buildConfigurations = (
				35918A8B2A797DF200310D71 /* Debug */,
				35918A8C2A797DF200310D71 /* Release */,
			);
			defaultConfigurationIsVisible = 0;
			defaultConfigurationName = Release;
		};
		35918A8D2A797DF200310D71 /* Build configuration list for PBXNativeTarget "SellCar" */ = {
			isa = XCConfigurationList;
			buildConfigurations = (
				35918A8E2A797DF200310D71 /* Debug */,
				35918A8F2A797DF200310D71 /* Release */,
			);
			defaultConfigurationIsVisible = 0;
			defaultConfigurationName = Release;
		};
/* End XCConfigurationList section */
	};
	rootObject = 35918A712A797DF100310D71 /* Project object */;
}
